
Microsoft Visual Studio Solution File, Format Version 12.00
# Visual Studio 15
VisualStudioVersion = 15.0.34729.27
MinimumVisualStudioVersion = 10.0.40219.1
Project("{FAE04EC0-301F-11D3-BF4B-00C04F79EFBC}") = "ReaderTest", "ReaderTest\ReaderTest.csproj", "{B5A5931A-A463-4FD5-9AE0-DA431BF1626B}"
EndProject
Global
	GlobalSection(SolutionConfigurationPlatforms) = preSolution
		Debug|Any CPU = Debug|Any CPU
		Debug|x86 = Debug|x86
		Release|Any CPU = Release|Any CPU
		Release|x86 = Release|x86
	EndGlobalSection
	GlobalSection(ProjectConfigurationPlatforms) = postSolution
		{B5A5931A-A463-4FD5-9AE0-DA431BF1626B}.Debug|Any CPU.ActiveCfg = Debug|Any CPU
		{B5A5931A-A463-4FD5-9AE0-DA431BF1626B}.Debug|Any CPU.Build.0 = Debug|Any CPU
		{B5A5931A-A463-4FD5-9AE0-DA431BF1626B}.Debug|x86.ActiveCfg = Debug|Any CPU
		{B5A5931A-A463-4FD5-9AE0-DA431BF1626B}.Debug|x86.Build.0 = Debug|Any CPU
		{B5A5931A-A463-4FD5-9AE0-DA431BF1626B}.Release|Any CPU.ActiveCfg = Release|Any CPU
		{B5A5931A-A463-4FD5-9AE0-DA431BF1626B}.Release|Any CPU.Build.0 = Release|Any CPU
		{B5A5931A-A463-4FD5-9AE0-DA431BF1626B}.Release|x86.ActiveCfg = Release|Any CPU
		{B5A5931A-A463-4FD5-9AE0-DA431BF1626B}.Release|x86.Build.0 = Release|Any CPU
	EndGlobalSection
	GlobalSection(SolutionProperties) = preSolution
		HideSolutionNode = FALSE
	EndGlobalSection
	GlobalSection(ExtensibilityGlobals) = postSolution
		SolutionGuid = {E87AE4F8-871E-4273-AD91-58FCF08DF3F3}
	EndGlobalSection
EndGlobal
